{
  "name": "node-systemd",
  "version": "1.0.0",
  "lockfileVersion": 1,
  "requires": true,
  "dependencies": {
    "await-exec": {
      "version": "0.1.2",
      "resolved": "https://registry.npmjs.org/await-exec/-/await-exec-0.1.2.tgz",
      "integrity": "sha512-BQUiyBLScS0+YPnnCZZGjb78mZ8sQ8aKgxarDPNw05rpbaCS7VIQSLy2tgjZKct9Dn1xLbKMXOpA98OWei90zA=="
    },
    "systeminformation": {
      "version": "5.6.4",
      "resolved": "https://registry.npmjs.org/systeminformation/-/systeminformation-5.6.4.tgz",
      "integrity": "sha512-b2tvW1R+qjNEoAGgh734EGLgqbDMghjsHRaWo36skAC6JM1tw1pitcGz/REt+qSIRSXbE4PKECojhaSrBRrEmw=="
    }
  }
}
