{
  "name": "node-systemd",
  "version": "1.0.0",
  "lockfileVersion": 1,
  "requires": true,
  "dependencies": {
    "await-exec": {
      "version": "0.1.2",
      "resolved": "https://registry.npmjs.org/await-exec/-/await-exec-0.1.2.tgz",
      "integrity": "sha512-BQUiyBLScS0+YPnnCZZGjb78mZ8sQ8aKgxarDPNw05rpbaCS7VIQSLy2tgjZKct9Dn1xLbKMXOpA98OWei90zA=="
    },
    "systeminformation": {
      "version": "4.26.10",
      "resolved": "https://registry.npmjs.org/systeminformation/-/systeminformation-4.26.10.tgz",
      "integrity": "sha512-bO4FIzrjESAfh4KHwkUJym3jvKtJ4oJ2PG0BBQGBmKa0pF2oanpkB7CF4ZsSX7vfp3+GKaLzioVwpV/3Tyk+lQ=="
    }
  }
}
